
Microsoft Visual Studio Solution File, Format Version 12.00
# Visual Studio Version 17
VisualStudioVersion = 17.9.34714.143
MinimumVisualStudioVersion = 10.0.40219.1
Project("{FAE04EC0-301F-11D3-BF4B-00C04F79EFBC}") = "MvMovie", "MvMovie\MvMovie.csproj", "{F7674718-09FA-49CD-ACD5-6E127CC830AD}"
EndProject
Global
	GlobalSection(SolutionConfigurationPlatforms) = preSolution
		Debug|Any CPU = Debug|Any CPU
		Release|Any CPU = Release|Any CPU
	EndGlobalSection
	GlobalSection(ProjectConfigurationPlatforms) = postSolution
		{F7674718-09FA-49CD-ACD5-6E127CC830AD}.Debug|Any CPU.ActiveCfg = Debug|Any CPU
		{F7674718-09FA-49CD-ACD5-6E127CC830AD}.Debug|Any CPU.Build.0 = Debug|Any CPU
		{F7674718-09FA-49CD-ACD5-6E127CC830AD}.Release|Any CPU.ActiveCfg = Release|Any CPU
		{F7674718-09FA-49CD-ACD5-6E127CC830AD}.Release|Any CPU.Build.0 = Release|Any CPU
	EndGlobalSection
	GlobalSection(SolutionProperties) = preSolution
		HideSolutionNode = FALSE
	EndGlobalSection
	GlobalSection(ExtensibilityGlobals) = postSolution
		SolutionGuid = {34585D1C-0146-4BC1-9451-F4C798A37600}
	EndGlobalSection
EndGlobal
